
Microsoft Visual Studio Solution File, Format Version 12.00
# Visual Studio Version 17
VisualStudioVersion = 17.0.31912.275
MinimumVisualStudioVersion = 10.0.40219.1
Project("{FAE04EC0-301F-11D3-BF4B-00C04F79EFBC}") = "ExcelAndWordApi", "ExcelAndWordApi\ExcelAndWordApi.csproj", "{9A864C9C-EB04-4DDA-B4CC-9B0EA7C1F7B8}"
EndProject
Global
	GlobalSection(SolutionConfigurationPlatforms) = preSolution
		Debug|Any CPU = Debug|Any CPU
		Release|Any CPU = Release|Any CPU
	EndGlobalSection
	GlobalSection(ProjectConfigurationPlatforms) = postSolution
		{9A864C9C-EB04-4DDA-B4CC-9B0EA7C1F7B8}.Debug|Any CPU.ActiveCfg = Debug|Any CPU
		{9A864C9C-EB04-4DDA-B4CC-9B0EA7C1F7B8}.Debug|Any CPU.Build.0 = Debug|Any CPU
		{9A864C9C-EB04-4DDA-B4CC-9B0EA7C1F7B8}.Release|Any CPU.ActiveCfg = Release|Any CPU
		{9A864C9C-EB04-4DDA-B4CC-9B0EA7C1F7B8}.Release|Any CPU.Build.0 = Release|Any CPU
	EndGlobalSection
	GlobalSection(SolutionProperties) = preSolution
		HideSolutionNode = FALSE
	EndGlobalSection
	GlobalSection(ExtensibilityGlobals) = postSolution
		SolutionGuid = {5DEA05FE-4C4F-4A04-B35A-BB2F813608CB}
	EndGlobalSection
EndGlobal
